
Microsoft Visual Studio Solution File, Format Version 12.00
# Visual Studio Version 17
VisualStudioVersion = 17.5.002.0
MinimumVisualStudioVersion = 10.0.40219.1
Project("{9A19103F-16F7-4668-BE54-9A1E7A4F7556}") = "C500Hemis", "C500Hemis.csproj", "{8D3B67A4-9B4B-4C60-B5CE-E8749CBF7F0B}"
EndProject
Global
	GlobalSection(SolutionConfigurationPlatforms) = preSolution
		Debug|Any CPU = Debug|Any CPU
		Release|Any CPU = Release|Any CPU
	EndGlobalSection
	GlobalSection(ProjectConfigurationPlatforms) = postSolution
		{8D3B67A4-9B4B-4C60-B5CE-E8749CBF7F0B}.Debug|Any CPU.ActiveCfg = Debug|Any CPU
		{8D3B67A4-9B4B-4C60-B5CE-E8749CBF7F0B}.Debug|Any CPU.Build.0 = Debug|Any CPU
		{8D3B67A4-9B4B-4C60-B5CE-E8749CBF7F0B}.Release|Any CPU.ActiveCfg = Release|Any CPU
		{8D3B67A4-9B4B-4C60-B5CE-E8749CBF7F0B}.Release|Any CPU.Build.0 = Release|Any CPU
	EndGlobalSection
	GlobalSection(SolutionProperties) = preSolution
		HideSolutionNode = FALSE
	EndGlobalSection
	GlobalSection(ExtensibilityGlobals) = postSolution
		SolutionGuid = {A3634579-7DF6-4D6C-A558-5742247A08F5}
	EndGlobalSection
EndGlobal
